
Microsoft Visual Studio Solution File, Format Version 12.00
# Visual Studio Version 17
VisualStudioVersion = 17.8.34330.188
MinimumVisualStudioVersion = 10.0.40219.1
Project("{9A19103F-16F7-4668-BE54-9A1E7A4F7556}") = "BookyWeb", "BookyWeb\BookyWeb.csproj", "{650953D3-9F7F-4749-879A-F39ECD0FE55A}"
EndProject
Project("{FAE04EC0-301F-11D3-BF4B-00C04F79EFBC}") = "Booky.Models", "Booky.Models\Booky.Models.csproj", "{8F00E1D7-E2D0-4512-805C-915B1DF9BD8D}"
EndProject
Project("{FAE04EC0-301F-11D3-BF4B-00C04F79EFBC}") = "Booky.DataAccess", "Booky.DataAccess\Booky.DataAccess.csproj", "{408A20ED-9241-466E-930D-573BA2BA5D35}"
EndProject
Project("{FAE04EC0-301F-11D3-BF4B-00C04F79EFBC}") = "Booky.Utility", "Booky.Utility\Booky.Utility.csproj", "{C533AA8F-6113-4EB1-B88B-DA1094CFA3EB}"
EndProject
Global
	GlobalSection(SolutionConfigurationPlatforms) = preSolution
		Debug|Any CPU = Debug|Any CPU
		Release|Any CPU = Release|Any CPU
	EndGlobalSection
	GlobalSection(ProjectConfigurationPlatforms) = postSolution
		{650953D3-9F7F-4749-879A-F39ECD0FE55A}.Debug|Any CPU.ActiveCfg = Debug|Any CPU
		{650953D3-9F7F-4749-879A-F39ECD0FE55A}.Debug|Any CPU.Build.0 = Debug|Any CPU
		{650953D3-9F7F-4749-879A-F39ECD0FE55A}.Release|Any CPU.ActiveCfg = Release|Any CPU
		{650953D3-9F7F-4749-879A-F39ECD0FE55A}.Release|Any CPU.Build.0 = Release|Any CPU
		{8F00E1D7-E2D0-4512-805C-915B1DF9BD8D}.Debug|Any CPU.ActiveCfg = Debug|Any CPU
		{8F00E1D7-E2D0-4512-805C-915B1DF9BD8D}.Debug|Any CPU.Build.0 = Debug|Any CPU
		{8F00E1D7-E2D0-4512-805C-915B1DF9BD8D}.Release|Any CPU.ActiveCfg = Release|Any CPU
		{8F00E1D7-E2D0-4512-805C-915B1DF9BD8D}.Release|Any CPU.Build.0 = Release|Any CPU
		{408A20ED-9241-466E-930D-573BA2BA5D35}.Debug|Any CPU.ActiveCfg = Debug|Any CPU
		{408A20ED-9241-466E-930D-573BA2BA5D35}.Debug|Any CPU.Build.0 = Debug|Any CPU
		{408A20ED-9241-466E-930D-573BA2BA5D35}.Release|Any CPU.ActiveCfg = Release|Any CPU
		{408A20ED-9241-466E-930D-573BA2BA5D35}.Release|Any CPU.Build.0 = Release|Any CPU
		{C533AA8F-6113-4EB1-B88B-DA1094CFA3EB}.Debug|Any CPU.ActiveCfg = Debug|Any CPU
		{C533AA8F-6113-4EB1-B88B-DA1094CFA3EB}.Debug|Any CPU.Build.0 = Debug|Any CPU
		{C533AA8F-6113-4EB1-B88B-DA1094CFA3EB}.Release|Any CPU.ActiveCfg = Release|Any CPU
		{C533AA8F-6113-4EB1-B88B-DA1094CFA3EB}.Release|Any CPU.Build.0 = Release|Any CPU
	EndGlobalSection
	GlobalSection(SolutionProperties) = preSolution
		HideSolutionNode = FALSE
	EndGlobalSection
	GlobalSection(ExtensibilityGlobals) = postSolution
		SolutionGuid = {CF18E0EE-3593-483E-B265-F769F12E1882}
	EndGlobalSection
EndGlobal
